
Microsoft Visual Studio Solution File, Format Version 12.00
# Visual Studio Version 16
VisualStudioVersion = 16.0.30011.22
MinimumVisualStudioVersion = 10.0.40219.1
Project("{9A19103F-16F7-4668-BE54-9A1E7A4F7556}") = "QuickSystemInfo-CLI", "QuickSystemInfo-CLI\QuickSystemInfo-CLI.csproj", "{CE02B6D7-EDD9-463C-9093-67B502CDFB7B}"
EndProject
Project("{FAE04EC0-301F-11D3-BF4B-00C04F79EFBC}") = "QuickSystemInfo", "QuickSystemInfo\QuickSystemInfo.csproj", "{CC3ED9EC-1376-462C-9FA4-677FE65B0C7C}"
EndProject
Global
	GlobalSection(SolutionConfigurationPlatforms) = preSolution
		Debug|Any CPU = Debug|Any CPU
		Release|Any CPU = Release|Any CPU
	EndGlobalSection
	GlobalSection(ProjectConfigurationPlatforms) = postSolution
		{CE02B6D7-EDD9-463C-9093-67B502CDFB7B}.Debug|Any CPU.ActiveCfg = Debug|Any CPU
		{CE02B6D7-EDD9-463C-9093-67B502CDFB7B}.Debug|Any CPU.Build.0 = Debug|Any CPU
		{CE02B6D7-EDD9-463C-9093-67B502CDFB7B}.Release|Any CPU.ActiveCfg = Release|Any CPU
		{CE02B6D7-EDD9-463C-9093-67B502CDFB7B}.Release|Any CPU.Build.0 = Release|Any CPU
		{CC3ED9EC-1376-462C-9FA4-677FE65B0C7C}.Debug|Any CPU.ActiveCfg = Debug|Any CPU
		{CC3ED9EC-1376-462C-9FA4-677FE65B0C7C}.Debug|Any CPU.Build.0 = Debug|Any CPU
		{CC3ED9EC-1376-462C-9FA4-677FE65B0C7C}.Release|Any CPU.ActiveCfg = Release|Any CPU
		{CC3ED9EC-1376-462C-9FA4-677FE65B0C7C}.Release|Any CPU.Build.0 = Release|Any CPU
	EndGlobalSection
	GlobalSection(SolutionProperties) = preSolution
		HideSolutionNode = FALSE
	EndGlobalSection
	GlobalSection(ExtensibilityGlobals) = postSolution
		SolutionGuid = {BE95E7CF-EDB4-4641-8773-A29A3B413305}
	EndGlobalSection
EndGlobal
